
Microsoft Visual Studio Solution File, Format Version 12.00
# Visual Studio Version 16
VisualStudioVersion = 16.0.34114.132
MinimumVisualStudioVersion = 10.0.40219.1
Project("{FAE04EC0-301F-11D3-BF4B-00C04F79EFBC}") = "CAL_FinalProject", "CAL_FinalProject.csproj", "{533F560D-0033-4A2A-99BF-7925ED0F40DA}"
EndProject
Global
	GlobalSection(SolutionConfigurationPlatforms) = preSolution
		Debug|Any CPU = Debug|Any CPU
		Release|Any CPU = Release|Any CPU
	EndGlobalSection
	GlobalSection(ProjectConfigurationPlatforms) = postSolution
		{533F560D-0033-4A2A-99BF-7925ED0F40DA}.Debug|Any CPU.ActiveCfg = Debug|Any CPU
		{533F560D-0033-4A2A-99BF-7925ED0F40DA}.Debug|Any CPU.Build.0 = Debug|Any CPU
		{533F560D-0033-4A2A-99BF-7925ED0F40DA}.Release|Any CPU.ActiveCfg = Release|Any CPU
		{533F560D-0033-4A2A-99BF-7925ED0F40DA}.Release|Any CPU.Build.0 = Release|Any CPU
	EndGlobalSection
	GlobalSection(SolutionProperties) = preSolution
		HideSolutionNode = FALSE
	EndGlobalSection
	GlobalSection(ExtensibilityGlobals) = postSolution
		SolutionGuid = {395640D7-1A33-4854-A9E1-9F51F0F852EF}
	EndGlobalSection
EndGlobal
